
Microsoft Visual Studio Solution File, Format Version 12.00
# Visual Studio Version 17
VisualStudioVersion = 17.3.32901.215
MinimumVisualStudioVersion = 10.0.40219.1
Project("{FAE04EC0-301F-11D3-BF4B-00C04F79EFBC}") = "tictactoe", "tictactoe\tictactoe.csproj", "{75828C5F-1A93-4A62-B74C-E794D5F0B9EE}"
EndProject
Global
	GlobalSection(SolutionConfigurationPlatforms) = preSolution
		Debug|Any CPU = Debug|Any CPU
		Release|Any CPU = Release|Any CPU
	EndGlobalSection
	GlobalSection(ProjectConfigurationPlatforms) = postSolution
		{75828C5F-1A93-4A62-B74C-E794D5F0B9EE}.Debug|Any CPU.ActiveCfg = Debug|Any CPU
		{75828C5F-1A93-4A62-B74C-E794D5F0B9EE}.Debug|Any CPU.Build.0 = Debug|Any CPU
		{75828C5F-1A93-4A62-B74C-E794D5F0B9EE}.Release|Any CPU.ActiveCfg = Release|Any CPU
		{75828C5F-1A93-4A62-B74C-E794D5F0B9EE}.Release|Any CPU.Build.0 = Release|Any CPU
	EndGlobalSection
	GlobalSection(SolutionProperties) = preSolution
		HideSolutionNode = FALSE
	EndGlobalSection
	GlobalSection(ExtensibilityGlobals) = postSolution
		SolutionGuid = {0F269A84-3A95-4E22-8B14-8032349ED49F}
	EndGlobalSection
EndGlobal
